
Microsoft Visual Studio Solution File, Format Version 12.00
# Visual Studio Version 16
VisualStudioVersion = 16.0.30621.155
MinimumVisualStudioVersion = 10.0.40219.1
Project("{FAE04EC0-301F-11D3-BF4B-00C04F79EFBC}") = "Exception Handling", "Exception Handling.csproj", "{D808483F-DC3C-4724-9935-D17C5CF75CE6}"
EndProject
Global
	GlobalSection(SolutionConfigurationPlatforms) = preSolution
		Debug|Any CPU = Debug|Any CPU
		Release|Any CPU = Release|Any CPU
	EndGlobalSection
	GlobalSection(ProjectConfigurationPlatforms) = postSolution
		{D808483F-DC3C-4724-9935-D17C5CF75CE6}.Debug|Any CPU.ActiveCfg = Debug|Any CPU
		{D808483F-DC3C-4724-9935-D17C5CF75CE6}.Debug|Any CPU.Build.0 = Debug|Any CPU
		{D808483F-DC3C-4724-9935-D17C5CF75CE6}.Release|Any CPU.ActiveCfg = Release|Any CPU
		{D808483F-DC3C-4724-9935-D17C5CF75CE6}.Release|Any CPU.Build.0 = Release|Any CPU
	EndGlobalSection
	GlobalSection(SolutionProperties) = preSolution
		HideSolutionNode = FALSE
	EndGlobalSection
	GlobalSection(ExtensibilityGlobals) = postSolution
		SolutionGuid = {F257403A-A54F-4415-AC00-6C4919F55F0E}
	EndGlobalSection
EndGlobal
